
Microsoft Visual Studio Solution File, Format Version 12.00
Project("{FAE04EC0-301F-11D3-BF4B-00C04F79EFBC}") = "Jellyfin.Plugin.Crunchyroll", "src\Jellyfin.Plugin.Crunchyroll\Jellyfin.Plugin.Crunchyroll.csproj", "{7FA19845-B49D-4694-B630-B85599EC50B0}"
EndProject
Project("{FAE04EC0-301F-11D3-BF4B-00C04F79EFBC}") = "JellyFin.Plugin.Crunchyroll.Tests", "tests\JellyFin.Plugin.Crunchyroll.Tests\JellyFin.Plugin.Crunchyroll.Tests.csproj", "{E4035CA2-5FEC-4757-A5AD-17DB79CE8B86}"
EndProject
Project("{2150E333-8FDC-42A3-9474-1A3956D46DE8}") = "tests", "tests", "{A1583A04-1039-4B89-B8EB-7B96A38BBE05}"
EndProject
Project("{FAE04EC0-301F-11D3-BF4B-00C04F79EFBC}") = "Jellyfin.Plugin.Crunchyroll.Tests.Integration.StartupApp", "tests\Jellyfin.Plugin.Crunchyroll.Tests.Integration.StartupApp\Jellyfin.Plugin.Crunchyroll.Tests.Integration.StartupApp.csproj", "{9F6AAEBD-9FA6-4441-8A44-3D0420B8B469}"
EndProject
Project("{2150E333-8FDC-42A3-9474-1A3956D46DE8}") = "src", "src", "{D4E58B5D-858B-4049-9BEE-E420D7346EF5}"
EndProject
Project("{FAE04EC0-301F-11D3-BF4B-00C04F79EFBC}") = "Jellyfin.Plugin.Crunchyroll.Tests.Integration", "tests\Jellyfin.Plugin.Crunchyroll.Tests.Integration\Jellyfin.Plugin.Crunchyroll.Tests.Integration.csproj", "{6CC495A6-ED82-4B80-8566-180382A42759}"
EndProject
Project("{FAE04EC0-301F-11D3-BF4B-00C04F79EFBC}") = "Jellyfin.Plugin.Crunchyroll.Tests.Shared", "tests\Jellyfin.Plugin.Crunchyroll.Tests.Shared\Jellyfin.Plugin.Crunchyroll.Tests.Shared.csproj", "{36C5D1D5-C69E-4843-8BA2-C81D7847A128}"
EndProject
Project("{FAE04EC0-301F-11D3-BF4B-00C04F79EFBC}") = "Jellyfin.Plugin.Crunchyroll.Tests.Integration.WaybackMachine", "tests\Jellyfin.Plugin.Crunchyroll.Tests.Integration.WaybackMachine\Jellyfin.Plugin.Crunchyroll.Tests.Integration.WaybackMachine.csproj", "{420797EC-EA13-47CD-9666-520DFB33D519}"
EndProject
Project("{FAE04EC0-301F-11D3-BF4B-00C04F79EFBC}") = "Jellyfin.Plugin.Crunchyroll.Tests.Integration.Shared", "tests\Jellyfin.Plugin.Crunchyroll.Tests.Integration.Shared\Jellyfin.Plugin.Crunchyroll.Tests.Integration.Shared.csproj", "{F6C6F777-E47D-4719-9E4C-0574A9724A0F}"
EndProject
Global
	GlobalSection(SolutionConfigurationPlatforms) = preSolution
		Debug|Any CPU = Debug|Any CPU
		Release|Any CPU = Release|Any CPU
	EndGlobalSection
	GlobalSection(ProjectConfigurationPlatforms) = postSolution
		{7FA19845-B49D-4694-B630-B85599EC50B0}.Debug|Any CPU.ActiveCfg = Debug|Any CPU
		{7FA19845-B49D-4694-B630-B85599EC50B0}.Debug|Any CPU.Build.0 = Debug|Any CPU
		{7FA19845-B49D-4694-B630-B85599EC50B0}.Release|Any CPU.ActiveCfg = Release|Any CPU
		{7FA19845-B49D-4694-B630-B85599EC50B0}.Release|Any CPU.Build.0 = Release|Any CPU
		{E4035CA2-5FEC-4757-A5AD-17DB79CE8B86}.Debug|Any CPU.ActiveCfg = Debug|Any CPU
		{E4035CA2-5FEC-4757-A5AD-17DB79CE8B86}.Debug|Any CPU.Build.0 = Debug|Any CPU
		{E4035CA2-5FEC-4757-A5AD-17DB79CE8B86}.Release|Any CPU.ActiveCfg = Release|Any CPU
		{E4035CA2-5FEC-4757-A5AD-17DB79CE8B86}.Release|Any CPU.Build.0 = Release|Any CPU
		{9F6AAEBD-9FA6-4441-8A44-3D0420B8B469}.Debug|Any CPU.ActiveCfg = Debug|Any CPU
		{9F6AAEBD-9FA6-4441-8A44-3D0420B8B469}.Debug|Any CPU.Build.0 = Debug|Any CPU
		{9F6AAEBD-9FA6-4441-8A44-3D0420B8B469}.Release|Any CPU.ActiveCfg = Release|Any CPU
		{9F6AAEBD-9FA6-4441-8A44-3D0420B8B469}.Release|Any CPU.Build.0 = Release|Any CPU
		{6CC495A6-ED82-4B80-8566-180382A42759}.Debug|Any CPU.ActiveCfg = Debug|Any CPU
		{6CC495A6-ED82-4B80-8566-180382A42759}.Debug|Any CPU.Build.0 = Debug|Any CPU
		{6CC495A6-ED82-4B80-8566-180382A42759}.Release|Any CPU.ActiveCfg = Release|Any CPU
		{6CC495A6-ED82-4B80-8566-180382A42759}.Release|Any CPU.Build.0 = Release|Any CPU
		{36C5D1D5-C69E-4843-8BA2-C81D7847A128}.Debug|Any CPU.ActiveCfg = Debug|Any CPU
		{36C5D1D5-C69E-4843-8BA2-C81D7847A128}.Debug|Any CPU.Build.0 = Debug|Any CPU
		{36C5D1D5-C69E-4843-8BA2-C81D7847A128}.Release|Any CPU.ActiveCfg = Release|Any CPU
		{36C5D1D5-C69E-4843-8BA2-C81D7847A128}.Release|Any CPU.Build.0 = Release|Any CPU
		{420797EC-EA13-47CD-9666-520DFB33D519}.Debug|Any CPU.ActiveCfg = Debug|Any CPU
		{420797EC-EA13-47CD-9666-520DFB33D519}.Debug|Any CPU.Build.0 = Debug|Any CPU
		{420797EC-EA13-47CD-9666-520DFB33D519}.Release|Any CPU.ActiveCfg = Release|Any CPU
		{420797EC-EA13-47CD-9666-520DFB33D519}.Release|Any CPU.Build.0 = Release|Any CPU
		{F6C6F777-E47D-4719-9E4C-0574A9724A0F}.Debug|Any CPU.ActiveCfg = Debug|Any CPU
		{F6C6F777-E47D-4719-9E4C-0574A9724A0F}.Debug|Any CPU.Build.0 = Debug|Any CPU
		{F6C6F777-E47D-4719-9E4C-0574A9724A0F}.Release|Any CPU.ActiveCfg = Release|Any CPU
		{F6C6F777-E47D-4719-9E4C-0574A9724A0F}.Release|Any CPU.Build.0 = Release|Any CPU
	EndGlobalSection
	GlobalSection(NestedProjects) = preSolution
		{9F6AAEBD-9FA6-4441-8A44-3D0420B8B469} = {A1583A04-1039-4B89-B8EB-7B96A38BBE05}
		{E4035CA2-5FEC-4757-A5AD-17DB79CE8B86} = {A1583A04-1039-4B89-B8EB-7B96A38BBE05}
		{7FA19845-B49D-4694-B630-B85599EC50B0} = {D4E58B5D-858B-4049-9BEE-E420D7346EF5}
		{6CC495A6-ED82-4B80-8566-180382A42759} = {A1583A04-1039-4B89-B8EB-7B96A38BBE05}
		{36C5D1D5-C69E-4843-8BA2-C81D7847A128} = {A1583A04-1039-4B89-B8EB-7B96A38BBE05}
		{420797EC-EA13-47CD-9666-520DFB33D519} = {A1583A04-1039-4B89-B8EB-7B96A38BBE05}
		{F6C6F777-E47D-4719-9E4C-0574A9724A0F} = {A1583A04-1039-4B89-B8EB-7B96A38BBE05}
	EndGlobalSection
EndGlobal
